// !$*UTF8*$!
{
	archiveVersion = 1;
	classes = {
	};
	objectVersion = 55;
	objects = {

/* Begin PBXBuildFile section */
		DA7BDEC827ECDA3F0076ED5F /* AppDelegate.swift in Sources */ = {isa = PBXBuildFile; fileRef = DA7BDEC727ECDA3F0076ED5F /* AppDelegate.swift */; };
		DA7BDECA27ECDA3F0076ED5F /* SceneDelegate.swift in Sources */ = {isa = PBXBuildFile; fileRef = DA7BDEC927ECDA3F0076ED5F /* SceneDelegate.swift */; };
		DA7BDECC27ECDA3F0076ED5F /* ViewController.swift in Sources */ = {isa = PBXBuildFile; fileRef = DA7BDECB27ECDA3F0076ED5F /* ViewController.swift */; };
		DA7BDED127ECDA410076ED5F /* Assets.xcassets in Resources */ = {isa = PBXBuildFile; fileRef = DA7BDED027ECDA410076ED5F /* Assets.xcassets */; };
		DA7BDED427ECDA410076ED5F /* LaunchScreen.storyboard in Resources */ = {isa = PBXBuildFile; fileRef = DA7BDED227ECDA410076ED5F /* LaunchScreen.storyboard */; };
		DA7BDEDC27ECDE2F0076ED5F /* TextFlipper.swift in Sources */ = {isa = PBXBuildFile; fileRef = DA7BDEDB27ECDE2F0076ED5F /* TextFlipper.swift */; };
		DA7BDEDE27ECE4880076ED5F /* String+Ext.swift in Sources */ = {isa = PBXBuildFile; fileRef = DA7BDEDD27ECE4880076ED5F /* String+Ext.swift */; };
		DA87A10627ED0B9300BDC1C5 /* TFHeaderLabel.swift in Sources */ = {isa = PBXBuildFile; fileRef = DA87A10527ED0B9300BDC1C5 /* TFHeaderLabel.swift */; };
		DA87A10927ED123600BDC1C5 /* TFTextView.swift in Sources */ = {isa = PBXBuildFile; fileRef = DA87A10827ED123600BDC1C5 /* TFTextView.swift */; };
		DA87A10C27ED15B800BDC1C5 /* TFButton.swift in Sources */ = {isa = PBXBuildFile; fileRef = DA87A10B27ED15B800BDC1C5 /* TFButton.swift */; };
		DA87A10F27ED3D3B00BDC1C5 /* UIView+Ext.swift in Sources */ = {isa = PBXBuildFile; fileRef = DA87A10E27ED3D3B00BDC1C5 /* UIView+Ext.swift */; };
/* End PBXBuildFile section */

/* Begin PBXFileReference section */
		DA7BDEC427ECDA3F0076ED5F /* TextFlipper.app */ = {isa = PBXFileReference; explicitFileType = wrapper.application; includeInIndex = 0; path = TextFlipper.app; sourceTree = BUILT_PRODUCTS_DIR; };
		DA7BDEC727ECDA3F0076ED5F /* AppDelegate.swift */ = {isa = PBXFileReference; lastKnownFileType = sourcecode.swift; path = AppDelegate.swift; sourceTree = "<group>"; };
		DA7BDEC927ECDA3F0076ED5F /* SceneDelegate.swift */ = {isa = PBXFileReference; lastKnownFileType = sourcecode.swift; path = SceneDelegate.swift; sourceTree = "<group>"; };
		DA7BDECB27ECDA3F0076ED5F /* ViewController.swift */ = {isa = PBXFileReference; lastKnownFileType = sourcecode.swift; path = ViewController.swift; sourceTree = "<group>"; };
		DA7BDED027ECDA410076ED5F /* Assets.xcassets */ = {isa = PBXFileReference; lastKnownFileType = folder.assetcatalog; path = Assets.xcassets; sourceTree = "<group>"; };
		DA7BDED327ECDA410076ED5F /* Base */ = {isa = PBXFileReference; lastKnownFileType = file.storyboard; name = Base; path = Base.lproj/LaunchScreen.storyboard; sourceTree = "<group>"; };
		DA7BDED527ECDA410076ED5F /* Info.plist */ = {isa = PBXFileReference; lastKnownFileType = text.plist.xml; path = Info.plist; sourceTree = "<group>"; };
		DA7BDEDB27ECDE2F0076ED5F /* TextFlipper.swift */ = {isa = PBXFileReference; lastKnownFileType = sourcecode.swift; path = TextFlipper.swift; sourceTree = "<group>"; };
		DA7BDEDD27ECE4880076ED5F /* String+Ext.swift */ = {isa = PBXFileReference; lastKnownFileType = sourcecode.swift; path = "String+Ext.swift"; sourceTree = "<group>"; };
		DA87A10527ED0B9300BDC1C5 /* TFHeaderLabel.swift */ = {isa = PBXFileReference; lastKnownFileType = sourcecode.swift; path = TFHeaderLabel.swift; sourceTree = "<group>"; };
		DA87A10827ED123600BDC1C5 /* TFTextView.swift */ = {isa = PBXFileReference; lastKnownFileType = sourcecode.swift; path = TFTextView.swift; sourceTree = "<group>"; };
		DA87A10B27ED15B800BDC1C5 /* TFButton.swift */ = {isa = PBXFileReference; lastKnownFileType = sourcecode.swift; path = TFButton.swift; sourceTree = "<group>"; };
		DA87A10E27ED3D3B00BDC1C5 /* UIView+Ext.swift */ = {isa = PBXFileReference; lastKnownFileType = sourcecode.swift; path = "UIView+Ext.swift"; sourceTree = "<group>"; };
/* End PBXFileReference section */

/* Begin PBXFrameworksBuildPhase section */
		DA7BDEC127ECDA3F0076ED5F /* Frameworks */ = {
			isa = PBXFrameworksBuildPhase;
			buildActionMask = 2147483647;
			files = (
			);
			runOnlyForDeploymentPostprocessing = 0;
		};
/* End PBXFrameworksBuildPhase section */

/* Begin PBXGroup section */
		DA7BDEBB27ECDA3F0076ED5F = {
			isa = PBXGroup;
			children = (
				DA7BDEC627ECDA3F0076ED5F /* TextFlipper */,
				DA7BDEC527ECDA3F0076ED5F /* Products */,
			);
			sourceTree = "<group>";
		};
		DA7BDEC527ECDA3F0076ED5F /* Products */ = {
			isa = PBXGroup;
			children = (
				DA7BDEC427ECDA3F0076ED5F /* TextFlipper.app */,
			);
			name = Products;
			sourceTree = "<group>";
		};
		DA7BDEC627ECDA3F0076ED5F /* TextFlipper */ = {
			isa = PBXGroup;
			children = (
				DA87A10D27ED3D2900BDC1C5 /* Extensions */,
				DA87A10A27ED15A500BDC1C5 /* Buttons */,
				DA87A10727ED11E800BDC1C5 /* TextViews */,
				DA87A10427ED0B2600BDC1C5 /* Labels */,
				DA87A10327ED0B0A00BDC1C5 /* Screens */,
				DA87A10227ED0B0100BDC1C5 /* Support */,
				DA7BDED027ECDA410076ED5F /* Assets.xcassets */,
				DA7BDED527ECDA410076ED5F /* Info.plist */,
				DA7BDEDB27ECDE2F0076ED5F /* TextFlipper.swift */,
			);
			path = TextFlipper;
			sourceTree = "<group>";
		};
		DA87A10227ED0B0100BDC1C5 /* Support */ = {
			isa = PBXGroup;
			children = (
				DA7BDEC727ECDA3F0076ED5F /* AppDelegate.swift */,
				DA7BDEC927ECDA3F0076ED5F /* SceneDelegate.swift */,
			);
			path = Support;
			sourceTree = "<group>";
		};
		DA87A10327ED0B0A00BDC1C5 /* Screens */ = {
			isa = PBXGroup;
			children = (
				DA7BDED227ECDA410076ED5F /* LaunchScreen.storyboard */,
				DA7BDECB27ECDA3F0076ED5F /* ViewController.swift */,
			);
			path = Screens;
			sourceTree = "<group>";
		};
		DA87A10427ED0B2600BDC1C5 /* Labels */ = {
			isa = PBXGroup;
			children = (
				DA87A10527ED0B9300BDC1C5 /* TFHeaderLabel.swift */,
			);
			path = Labels;
			sourceTree = "<group>";
		};
		DA87A10727ED11E800BDC1C5 /* TextViews */ = {
			isa = PBXGroup;
			children = (
				DA87A10827ED123600BDC1C5 /* TFTextView.swift */,
			);
			path = TextViews;
			sourceTree = "<group>";
		};
		DA87A10A27ED15A500BDC1C5 /* Buttons */ = {
			isa = PBXGroup;
			children = (
				DA87A10B27ED15B800BDC1C5 /* TFButton.swift */,
			);
			path = Buttons;
			sourceTree = "<group>";
		};
		DA87A10D27ED3D2900BDC1C5 /* Extensions */ = {
			isa = PBXGroup;
			children = (
				DA7BDEDD27ECE4880076ED5F /* String+Ext.swift */,
				DA87A10E27ED3D3B00BDC1C5 /* UIView+Ext.swift */,
			);
			path = Extensions;
			sourceTree = "<group>";
		};
/* End PBXGroup section */

/* Begin PBXNativeTarget section */
		DA7BDEC327ECDA3F0076ED5F /* TextFlipper */ = {
			isa = PBXNativeTarget;
			buildConfigurationList = DA7BDED827ECDA410076ED5F /* Build configuration list for PBXNativeTarget "TextFlipper" */;
			buildPhases = (
				DA7BDEC027ECDA3F0076ED5F /* Sources */,
				DA7BDEC127ECDA3F0076ED5F /* Frameworks */,
				DA7BDEC227ECDA3F0076ED5F /* Resources */,
			);
			buildRules = (
			);
			dependencies = (
			);
			name = TextFlipper;
			productName = TextFlipper;
			productReference = DA7BDEC427ECDA3F0076ED5F /* TextFlipper.app */;
			productType = "com.apple.product-type.application";
		};
/* End PBXNativeTarget section */

/* Begin PBXProject section */
		DA7BDEBC27ECDA3F0076ED5F /* Project object */ = {
			isa = PBXProject;
			attributes = {
				BuildIndependentTargetsInParallel = 1;
				LastSwiftUpdateCheck = 1330;
				LastUpgradeCheck = 1330;
				TargetAttributes = {
					DA7BDEC327ECDA3F0076ED5F = {
						CreatedOnToolsVersion = 13.3;
					};
				};
			};
			buildConfigurationList = DA7BDEBF27ECDA3F0076ED5F /* Build configuration list for PBXProject "TextFlipper" */;
			compatibilityVersion = "Xcode 13.0";
			developmentRegion = en;
			hasScannedForEncodings = 0;
			knownRegions = (
				en,
				Base,
			);
			mainGroup = DA7BDEBB27ECDA3F0076ED5F;
			productRefGroup = DA7BDEC527ECDA3F0076ED5F /* Products */;
			projectDirPath = "";
			projectRoot = "";
			targets = (
				DA7BDEC327ECDA3F0076ED5F /* TextFlipper */,
			);
		};
/* End PBXProject section */

/* Begin PBXResourcesBuildPhase section */
		DA7BDEC227ECDA3F0076ED5F /* Resources */ = {
			isa = PBXResourcesBuildPhase;
			buildActionMask = 2147483647;
			files = (
				DA7BDED427ECDA410076ED5F /* LaunchScreen.storyboard in Resources */,
				DA7BDED127ECDA410076ED5F /* Assets.xcassets in Resources */,
			);
			runOnlyForDeploymentPostprocessing = 0;
		};
/* End PBXResourcesBuildPhase section */

/* Begin PBXSourcesBuildPhase section */
		DA7BDEC027ECDA3F0076ED5F /* Sources */ = {
			isa = PBXSourcesBuildPhase;
			buildActionMask = 2147483647;
			files = (
				DA7BDECC27ECDA3F0076ED5F /* ViewController.swift in Sources */,
				DA7BDEC827ECDA3F0076ED5F /* AppDelegate.swift in Sources */,
				DA87A10927ED123600BDC1C5 /* TFTextView.swift in Sources */,
				DA87A10627ED0B9300BDC1C5 /* TFHeaderLabel.swift in Sources */,
				DA7BDECA27ECDA3F0076ED5F /* SceneDelegate.swift in Sources */,
				DA87A10F27ED3D3B00BDC1C5 /* UIView+Ext.swift in Sources */,
				DA7BDEDE27ECE4880076ED5F /* String+Ext.swift in Sources */,
				DA7BDEDC27ECDE2F0076ED5F /* TextFlipper.swift in Sources */,
				DA87A10C27ED15B800BDC1C5 /* TFButton.swift in Sources */,
			);
			runOnlyForDeploymentPostprocessing = 0;
		};
/* End PBXSourcesBuildPhase section */

/* Begin PBXVariantGroup section */
		DA7BDED227ECDA410076ED5F /* LaunchScreen.storyboard */ = {
			isa = PBXVariantGroup;
			children = (
				DA7BDED327ECDA410076ED5F /* Base */,
			);
			name = LaunchScreen.storyboard;
			sourceTree = "<group>";
		};
/* End PBXVariantGroup section */

/* Begin XCBuildConfiguration section */
		DA7BDED627ECDA410076ED5F /* Debug */ = {
			isa = XCBuildConfiguration;
			buildSettings = {
				ALWAYS_SEARCH_USER_PATHS = NO;
				CLANG_ANALYZER_NONNULL = YES;
				CLANG_ANALYZER_NUMBER_OBJECT_CONVERSION = YES_AGGRESSIVE;
				CLANG_CXX_LANGUAGE_STANDARD = "gnu++17";
				CLANG_ENABLE_MODULES = YES;
				CLANG_ENABLE_OBJC_ARC = YES;
				CLANG_ENABLE_OBJC_WEAK = YES;
				CLANG_WARN_BLOCK_CAPTURE_AUTORELEASING = YES;
				CLANG_WARN_BOOL_CONVERSION = YES;
				CLANG_WARN_COMMA = YES;
				CLANG_WARN_CONSTANT_CONVERSION = YES;
				CLANG_WARN_DEPRECATED_OBJC_IMPLEMENTATIONS = YES;
				CLANG_WARN_DIRECT_OBJC_ISA_USAGE = YES_ERROR;
				CLANG_WARN_DOCUMENTATION_COMMENTS = YES;
				CLANG_WARN_EMPTY_BODY = YES;
				CLANG_WARN_ENUM_CONVERSION = YES;
				CLANG_WARN_INFINITE_RECURSION = YES;
				CLANG_WARN_INT_CONVERSION = YES;
				CLANG_WARN_NON_LITERAL_NULL_CONVERSION = YES;
				CLANG_WARN_OBJC_IMPLICIT_RETAIN_SELF = YES;
				CLANG_WARN_OBJC_LITERAL_CONVERSION = YES;
				CLANG_WARN_OBJC_ROOT_CLASS = YES_ERROR;
				CLANG_WARN_QUOTED_INCLUDE_IN_FRAMEWORK_HEADER = YES;
				CLANG_WARN_RANGE_LOOP_ANALYSIS = YES;
				CLANG_WARN_STRICT_PROTOTYPES = YES;
				CLANG_WARN_SUSPICIOUS_MOVE = YES;
				CLANG_WARN_UNGUARDED_AVAILABILITY = YES_AGGRESSIVE;
				CLANG_WARN_UNREACHABLE_CODE = YES;
				CLANG_WARN__DUPLICATE_METHOD_MATCH = YES;
				COPY_PHASE_STRIP = NO;
				DEBUG_INFORMATION_FORMAT = dwarf;
				ENABLE_STRICT_OBJC_MSGSEND = YES;
				ENABLE_TESTABILITY = YES;
				GCC_C_LANGUAGE_STANDARD = gnu11;
				GCC_DYNAMIC_NO_PIC = NO;
				GCC_NO_COMMON_BLOCKS = YES;
				GCC_OPTIMIZATION_LEVEL = 0;
				GCC_PREPROCESSOR_DEFINITIONS = (
					"DEBUG=1",
					"$(inherited)",
				);
				GCC_WARN_64_TO_32_BIT_CONVERSION = YES;
				GCC_WARN_ABOUT_RETURN_TYPE = YES_ERROR;
				GCC_WARN_UNDECLARED_SELECTOR = YES;
				GCC_WARN_UNINITIALIZED_AUTOS = YES_AGGRESSIVE;
				GCC_WARN_UNUSED_FUNCTION = YES;
				GCC_WARN_UNUSED_VARIABLE = YES;
				IPHONEOS_DEPLOYMENT_TARGET = 15.4;
				MTL_ENABLE_DEBUG_INFO = INCLUDE_SOURCE;
				MTL_FAST_MATH = YES;
				ONLY_ACTIVE_ARCH = YES;
				SDKROOT = iphoneos;
				SWIFT_ACTIVE_COMPILATION_CONDITIONS = DEBUG;
				SWIFT_OPTIMIZATION_LEVEL = "-Onone";
			};
			name = Debug;
		};
		DA7BDED727ECDA410076ED5F /* Release */ = {
			isa = XCBuildConfiguration;
			buildSettings = {
				ALWAYS_SEARCH_USER_PATHS = NO;
				CLANG_ANALYZER_NONNULL = YES;
				CLANG_ANALYZER_NUMBER_OBJECT_CONVERSION = YES_AGGRESSIVE;
				CLANG_CXX_LANGUAGE_STANDARD = "gnu++17";
				CLANG_ENABLE_MODULES = YES;
				CLANG_ENABLE_OBJC_ARC = YES;
				CLANG_ENABLE_OBJC_WEAK = YES;
				CLANG_WARN_BLOCK_CAPTURE_AUTORELEASING = YES;
				CLANG_WARN_BOOL_CONVERSION = YES;
				CLANG_WARN_COMMA = YES;
				CLANG_WARN_CONSTANT_CONVERSION = YES;
				CLANG_WARN_DEPRECATED_OBJC_IMPLEMENTATIONS = YES;
				CLANG_WARN_DIRECT_OBJC_ISA_USAGE = YES_ERROR;
				CLANG_WARN_DOCUMENTATION_COMMENTS = YES;
				CLANG_WARN_EMPTY_BODY = YES;
				CLANG_WARN_ENUM_CONVERSION = YES;
				CLANG_WARN_INFINITE_RECURSION = YES;
				CLANG_WARN_INT_CONVERSION = YES;
				CLANG_WARN_NON_LITERAL_NULL_CONVERSION = YES;
				CLANG_WARN_OBJC_IMPLICIT_RETAIN_SELF = YES;
				CLANG_WARN_OBJC_LITERAL_CONVERSION = YES;
				CLANG_WARN_OBJC_ROOT_CLASS = YES_ERROR;
				CLANG_WARN_QUOTED_INCLUDE_IN_FRAMEWORK_HEADER = YES;
				CLANG_WARN_RANGE_LOOP_ANALYSIS = YES;
				CLANG_WARN_STRICT_PROTOTYPES = YES;
				CLANG_WARN_SUSPICIOUS_MOVE = YES;
				CLANG_WARN_UNGUARDED_AVAILABILITY = YES_AGGRESSIVE;
				CLANG_WARN_UNREACHABLE_CODE = YES;
				CLANG_WARN__DUPLICATE_METHOD_MATCH = YES;
				COPY_PHASE_STRIP = NO;
				DEBUG_INFORMATION_FORMAT = "dwarf-with-dsym";
				ENABLE_NS_ASSERTIONS = NO;
				ENABLE_STRICT_OBJC_MSGSEND = YES;
				GCC_C_LANGUAGE_STANDARD = gnu11;
				GCC_NO_COMMON_BLOCKS = YES;
				GCC_WARN_64_TO_32_BIT_CONVERSION = YES;
				GCC_WARN_ABOUT_RETURN_TYPE = YES_ERROR;
				GCC_WARN_UNDECLARED_SELECTOR = YES;
				GCC_WARN_UNINITIALIZED_AUTOS = YES_AGGRESSIVE;
				GCC_WARN_UNUSED_FUNCTION = YES;
				GCC_WARN_UNUSED_VARIABLE = YES;
				IPHONEOS_DEPLOYMENT_TARGET = 15.4;
				MTL_ENABLE_DEBUG_INFO = NO;
				MTL_FAST_MATH = YES;
				SDKROOT = iphoneos;
				SWIFT_COMPILATION_MODE = wholemodule;
				SWIFT_OPTIMIZATION_LEVEL = "-O";
				VALIDATE_PRODUCT = YES;
			};
			name = Release;
		};
		DA7BDED927ECDA410076ED5F /* Debug */ = {
			isa = XCBuildConfiguration;
			buildSettings = {
				ASSETCATALOG_COMPILER_APPICON_NAME = AppIcon;
				ASSETCATALOG_COMPILER_GLOBAL_ACCENT_COLOR_NAME = AccentColor;
				CODE_SIGN_STYLE = Automatic;
				CURRENT_PROJECT_VERSION = 1;
				DEVELOPMENT_TEAM = 2R2FT36K2N;
				GENERATE_INFOPLIST_FILE = YES;
				INFOPLIST_FILE = TextFlipper/Info.plist;
				INFOPLIST_KEY_UIApplicationSupportsIndirectInputEvents = YES;
				INFOPLIST_KEY_UILaunchStoryboardName = LaunchScreen;
				INFOPLIST_KEY_UISupportedInterfaceOrientations_iPad = "UIInterfaceOrientationPortrait UIInterfaceOrientationPortraitUpsideDown UIInterfaceOrientationLandscapeLeft UIInterfaceOrientationLandscapeRight";
				INFOPLIST_KEY_UISupportedInterfaceOrientations_iPhone = "UIInterfaceOrientationPortrait UIInterfaceOrientationLandscapeLeft UIInterfaceOrientationLandscapeRight";
				IPHONEOS_DEPLOYMENT_TARGET = 15.0;
				LD_RUNPATH_SEARCH_PATHS = (
					"$(inherited)",
					"@executable_path/Frameworks",
				);
				MARKETING_VERSION = 1.0;
				PRODUCT_BUNDLE_IDENTIFIER = com.LandonHughesLLC.TextFlipper;
				PRODUCT_NAME = "$(TARGET_NAME)";
				SWIFT_EMIT_LOC_STRINGS = YES;
				SWIFT_VERSION = 5.0;
				TARGETED_DEVICE_FAMILY = "1,2";
			};
			name = Debug;
		};
		DA7BDEDA27ECDA410076ED5F /* Release */ = {
			isa = XCBuildConfiguration;
			buildSettings = {
				ASSETCATALOG_COMPILER_APPICON_NAME = AppIcon;
				ASSETCATALOG_COMPILER_GLOBAL_ACCENT_COLOR_NAME = AccentColor;
				CODE_SIGN_STYLE = Automatic;
				CURRENT_PROJECT_VERSION = 1;
				DEVELOPMENT_TEAM = 2R2FT36K2N;
				GENERATE_INFOPLIST_FILE = YES;
				INFOPLIST_FILE = TextFlipper/Info.plist;
				INFOPLIST_KEY_UIApplicationSupportsIndirectInputEvents = YES;
				INFOPLIST_KEY_UILaunchStoryboardName = LaunchScreen;
				INFOPLIST_KEY_UISupportedInterfaceOrientations_iPad = "UIInterfaceOrientationPortrait UIInterfaceOrientationPortraitUpsideDown UIInterfaceOrientationLandscapeLeft UIInterfaceOrientationLandscapeRight";
				INFOPLIST_KEY_UISupportedInterfaceOrientations_iPhone = "UIInterfaceOrientationPortrait UIInterfaceOrientationLandscapeLeft UIInterfaceOrientationLandscapeRight";
				IPHONEOS_DEPLOYMENT_TARGET = 15.0;
				LD_RUNPATH_SEARCH_PATHS = (
					"$(inherited)",
					"@executable_path/Frameworks",
				);
				MARKETING_VERSION = 1.0;
				PRODUCT_BUNDLE_IDENTIFIER = com.LandonHughesLLC.TextFlipper;
				PRODUCT_NAME = "$(TARGET_NAME)";
				SWIFT_EMIT_LOC_STRINGS = YES;
				SWIFT_VERSION = 5.0;
				TARGETED_DEVICE_FAMILY = "1,2";
			};
			name = Release;
		};
/* End XCBuildConfiguration section */

/* Begin XCConfigurationList section */
		DA7BDEBF27ECDA3F0076ED5F /* Build configuration list for PBXProject "TextFlipper" */ = {
			isa = XCConfigurationList;
			buildConfigurations = (
				DA7BDED627ECDA410076ED5F /* Debug */,
				DA7BDED727ECDA410076ED5F /* Release */,
			);
			defaultConfigurationIsVisible = 0;
			defaultConfigurationName = Release;
		};
		DA7BDED827ECDA410076ED5F /* Build configuration list for PBXNativeTarget "TextFlipper" */ = {
			isa = XCConfigurationList;
			buildConfigurations = (
				DA7BDED927ECDA410076ED5F /* Debug */,
				DA7BDEDA27ECDA410076ED5F /* Release */,
			);
			defaultConfigurationIsVisible = 0;
			defaultConfigurationName = Release;
		};
/* End XCConfigurationList section */
	};
	rootObject = DA7BDEBC27ECDA3F0076ED5F /* Project object */;
}
